
Microsoft Visual Studio Solution File, Format Version 12.00
# Visual Studio Version 17
VisualStudioVersion = 17.9.34723.18
MinimumVisualStudioVersion = 10.0.40219.1
Project("{F184B08F-C81C-45F6-A57F-5ABD9991F28F}") = "VeterinariaApp", "VeterinariaApp\VeterinariaApp.vbproj", "{F36750CC-450F-4847-85DB-8DB75F272514}"
EndProject
Project("{FAE04EC0-301F-11D3-BF4B-00C04F79EFBC}") = "VeterinariaServices", "VeterinariaServices\VeterinariaServices.csproj", "{AEBC6ED0-92F3-4A41-8C97-493A95F0BC2D}"
EndProject
Global
	GlobalSection(SolutionConfigurationPlatforms) = preSolution
		Debug|Any CPU = Debug|Any CPU
		Release|Any CPU = Release|Any CPU
	EndGlobalSection
	GlobalSection(ProjectConfigurationPlatforms) = postSolution
		{F36750CC-450F-4847-85DB-8DB75F272514}.Debug|Any CPU.ActiveCfg = Debug|Any CPU
		{F36750CC-450F-4847-85DB-8DB75F272514}.Debug|Any CPU.Build.0 = Debug|Any CPU
		{F36750CC-450F-4847-85DB-8DB75F272514}.Release|Any CPU.ActiveCfg = Release|Any CPU
		{F36750CC-450F-4847-85DB-8DB75F272514}.Release|Any CPU.Build.0 = Release|Any CPU
		{AEBC6ED0-92F3-4A41-8C97-493A95F0BC2D}.Debug|Any CPU.ActiveCfg = Debug|Any CPU
		{AEBC6ED0-92F3-4A41-8C97-493A95F0BC2D}.Debug|Any CPU.Build.0 = Debug|Any CPU
		{AEBC6ED0-92F3-4A41-8C97-493A95F0BC2D}.Release|Any CPU.ActiveCfg = Release|Any CPU
		{AEBC6ED0-92F3-4A41-8C97-493A95F0BC2D}.Release|Any CPU.Build.0 = Release|Any CPU
	EndGlobalSection
	GlobalSection(SolutionProperties) = preSolution
		HideSolutionNode = FALSE
	EndGlobalSection
	GlobalSection(ExtensibilityGlobals) = postSolution
		SolutionGuid = {76D8681D-C1DF-4114-8FA7-F5CE2C4D9D52}
	EndGlobalSection
EndGlobal
